
Microsoft Visual Studio Solution File, Format Version 12.00
# Visual Studio Version 16
VisualStudioVersion = 16.0.30517.126
MinimumVisualStudioVersion = 10.0.40219.1
Project("{9A19103F-16F7-4668-BE54-9A1E7A4F7556}") = "Class1Exercises", "Class1Exercises\Class1Exercises.csproj", "{E7443039-DD03-4C92-9A26-694F4E8E114E}"
EndProject
Project("{9A19103F-16F7-4668-BE54-9A1E7A4F7556}") = "InputOutput", "InputOutput\InputOutput.csproj", "{C50B5212-F300-4789-B654-7B187F1FAC62}"
EndProject
Project("{9A19103F-16F7-4668-BE54-9A1E7A4F7556}") = "NumericTypes", "NumericTypes\NumericTypes.csproj", "{9B3C3695-9D12-4FF1-8FFB-9B275D213E6E}"
EndProject
Project("{9A19103F-16F7-4668-BE54-9A1E7A4F7556}") = "MilesPerGallon", "MilesPerGallon\MilesPerGallon.csproj", "{4060F1E9-3D53-4DE1-A51B-16D14645D099}"
EndProject
Project("{FAE04EC0-301F-11D3-BF4B-00C04F79EFBC}") = "Strings", "Strings\Strings.csproj", "{35E7FBAC-F4FB-4540-93EB-22CBB32A25A9}"
EndProject
Global
	GlobalSection(SolutionConfigurationPlatforms) = preSolution
		Debug|Any CPU = Debug|Any CPU
		Release|Any CPU = Release|Any CPU
	EndGlobalSection
	GlobalSection(ProjectConfigurationPlatforms) = postSolution
		{E7443039-DD03-4C92-9A26-694F4E8E114E}.Debug|Any CPU.ActiveCfg = Debug|Any CPU
		{E7443039-DD03-4C92-9A26-694F4E8E114E}.Debug|Any CPU.Build.0 = Debug|Any CPU
		{E7443039-DD03-4C92-9A26-694F4E8E114E}.Release|Any CPU.ActiveCfg = Release|Any CPU
		{E7443039-DD03-4C92-9A26-694F4E8E114E}.Release|Any CPU.Build.0 = Release|Any CPU
		{C50B5212-F300-4789-B654-7B187F1FAC62}.Debug|Any CPU.ActiveCfg = Debug|Any CPU
		{C50B5212-F300-4789-B654-7B187F1FAC62}.Debug|Any CPU.Build.0 = Debug|Any CPU
		{C50B5212-F300-4789-B654-7B187F1FAC62}.Release|Any CPU.ActiveCfg = Release|Any CPU
		{C50B5212-F300-4789-B654-7B187F1FAC62}.Release|Any CPU.Build.0 = Release|Any CPU
		{9B3C3695-9D12-4FF1-8FFB-9B275D213E6E}.Debug|Any CPU.ActiveCfg = Debug|Any CPU
		{9B3C3695-9D12-4FF1-8FFB-9B275D213E6E}.Debug|Any CPU.Build.0 = Debug|Any CPU
		{9B3C3695-9D12-4FF1-8FFB-9B275D213E6E}.Release|Any CPU.ActiveCfg = Release|Any CPU
		{9B3C3695-9D12-4FF1-8FFB-9B275D213E6E}.Release|Any CPU.Build.0 = Release|Any CPU
		{4060F1E9-3D53-4DE1-A51B-16D14645D099}.Debug|Any CPU.ActiveCfg = Debug|Any CPU
		{4060F1E9-3D53-4DE1-A51B-16D14645D099}.Debug|Any CPU.Build.0 = Debug|Any CPU
		{4060F1E9-3D53-4DE1-A51B-16D14645D099}.Release|Any CPU.ActiveCfg = Release|Any CPU
		{4060F1E9-3D53-4DE1-A51B-16D14645D099}.Release|Any CPU.Build.0 = Release|Any CPU
		{35E7FBAC-F4FB-4540-93EB-22CBB32A25A9}.Debug|Any CPU.ActiveCfg = Debug|Any CPU
		{35E7FBAC-F4FB-4540-93EB-22CBB32A25A9}.Debug|Any CPU.Build.0 = Debug|Any CPU
		{35E7FBAC-F4FB-4540-93EB-22CBB32A25A9}.Release|Any CPU.ActiveCfg = Release|Any CPU
		{35E7FBAC-F4FB-4540-93EB-22CBB32A25A9}.Release|Any CPU.Build.0 = Release|Any CPU
	EndGlobalSection
	GlobalSection(SolutionProperties) = preSolution
		HideSolutionNode = FALSE
	EndGlobalSection
	GlobalSection(ExtensibilityGlobals) = postSolution
		SolutionGuid = {6D33F1DD-ECEF-429C-899F-32BE5D564E9E}
	EndGlobalSection
EndGlobal
